
Microsoft Visual Studio Solution File, Format Version 12.00
# Visual Studio Version 17
VisualStudioVersion = 17.14.36401.2 d17.14
MinimumVisualStudioVersion = 10.0.40219.1
Project("{FAE04EC0-301F-11D3-BF4B-00C04F79EFBC}") = "Atividade2908", "Atividade2908.csproj", "{19F556C2-4A7E-40E7-9FDB-46EB87FCDB32}"
EndProject
Global
	GlobalSection(SolutionConfigurationPlatforms) = preSolution
		Debug|Any CPU = Debug|Any CPU
		Release|Any CPU = Release|Any CPU
	EndGlobalSection
	GlobalSection(ProjectConfigurationPlatforms) = postSolution
		{19F556C2-4A7E-40E7-9FDB-46EB87FCDB32}.Debug|Any CPU.ActiveCfg = Debug|Any CPU
		{19F556C2-4A7E-40E7-9FDB-46EB87FCDB32}.Debug|Any CPU.Build.0 = Debug|Any CPU
		{19F556C2-4A7E-40E7-9FDB-46EB87FCDB32}.Release|Any CPU.ActiveCfg = Release|Any CPU
		{19F556C2-4A7E-40E7-9FDB-46EB87FCDB32}.Release|Any CPU.Build.0 = Release|Any CPU
	EndGlobalSection
	GlobalSection(SolutionProperties) = preSolution
		HideSolutionNode = FALSE
	EndGlobalSection
	GlobalSection(ExtensibilityGlobals) = postSolution
		SolutionGuid = {98134B80-272C-443E-A736-5E36E475288C}
	EndGlobalSection
EndGlobal
