
Microsoft Visual Studio Solution File, Format Version 12.00
# Visual Studio Version 17
VisualStudioVersion = 17.11.35208.52
MinimumVisualStudioVersion = 10.0.40219.1
Project("{FAE04EC0-301F-11D3-BF4B-00C04F79EFBC}") = "AulaC#_1208", "ConsoleApp2\AulaC#_1208.csproj", "{1A70C062-7858-42C0-800C-7D038183006D}"
EndProject
Global
	GlobalSection(SolutionConfigurationPlatforms) = preSolution
		Debug|Any CPU = Debug|Any CPU
		Release|Any CPU = Release|Any CPU
	EndGlobalSection
	GlobalSection(ProjectConfigurationPlatforms) = postSolution
		{1A70C062-7858-42C0-800C-7D038183006D}.Debug|Any CPU.ActiveCfg = Debug|Any CPU
		{1A70C062-7858-42C0-800C-7D038183006D}.Debug|Any CPU.Build.0 = Debug|Any CPU
		{1A70C062-7858-42C0-800C-7D038183006D}.Release|Any CPU.ActiveCfg = Release|Any CPU
		{1A70C062-7858-42C0-800C-7D038183006D}.Release|Any CPU.Build.0 = Release|Any CPU
	EndGlobalSection
	GlobalSection(SolutionProperties) = preSolution
		HideSolutionNode = FALSE
	EndGlobalSection
	GlobalSection(ExtensibilityGlobals) = postSolution
		SolutionGuid = {1E38F6C0-AB1C-4E97-842E-C32596CD4D84}
	EndGlobalSection
EndGlobal
