
Microsoft Visual Studio Solution File, Format Version 12.00
# Visual Studio Version 17
VisualStudioVersion = 17.11.35208.52
MinimumVisualStudioVersion = 10.0.40219.1
Project("{FAE04EC0-301F-11D3-BF4B-00C04F79EFBC}") = "Atividade2608", "Atividade2608.csproj", "{624516D8-C1B5-4C18-9FC7-90A256DBABA7}"
EndProject
Global
	GlobalSection(SolutionConfigurationPlatforms) = preSolution
		Debug|Any CPU = Debug|Any CPU
		Release|Any CPU = Release|Any CPU
	EndGlobalSection
	GlobalSection(ProjectConfigurationPlatforms) = postSolution
		{624516D8-C1B5-4C18-9FC7-90A256DBABA7}.Debug|Any CPU.ActiveCfg = Debug|Any CPU
		{624516D8-C1B5-4C18-9FC7-90A256DBABA7}.Debug|Any CPU.Build.0 = Debug|Any CPU
		{624516D8-C1B5-4C18-9FC7-90A256DBABA7}.Release|Any CPU.ActiveCfg = Release|Any CPU
		{624516D8-C1B5-4C18-9FC7-90A256DBABA7}.Release|Any CPU.Build.0 = Release|Any CPU
	EndGlobalSection
	GlobalSection(SolutionProperties) = preSolution
		HideSolutionNode = FALSE
	EndGlobalSection
	GlobalSection(ExtensibilityGlobals) = postSolution
		SolutionGuid = {20FD2830-1154-41A9-92E6-F5498AD7E56A}
	EndGlobalSection
EndGlobal
